
Microsoft Visual Studio Solution File, Format Version 12.00
# Visual Studio Version 16
VisualStudioVersion = 16.0.29613.14
MinimumVisualStudioVersion = 10.0.40219.1
Project("{9A19103F-16F7-4668-BE54-9A1E7A4F7556}") = "CodedGhost.Config", "CodedGhost.Config\CodedGhost.Config.csproj", "{D5990CE7-1D52-4C27-82C5-52793107BF8A}"
EndProject
Global
	GlobalSection(SolutionConfigurationPlatforms) = preSolution
		Debug|Any CPU = Debug|Any CPU
		Release|Any CPU = Release|Any CPU
	EndGlobalSection
	GlobalSection(ProjectConfigurationPlatforms) = postSolution
		{D5990CE7-1D52-4C27-82C5-52793107BF8A}.Debug|Any CPU.ActiveCfg = Debug|Any CPU
		{D5990CE7-1D52-4C27-82C5-52793107BF8A}.Debug|Any CPU.Build.0 = Debug|Any CPU
		{D5990CE7-1D52-4C27-82C5-52793107BF8A}.Release|Any CPU.ActiveCfg = Release|Any CPU
		{D5990CE7-1D52-4C27-82C5-52793107BF8A}.Release|Any CPU.Build.0 = Release|Any CPU
	EndGlobalSection
	GlobalSection(SolutionProperties) = preSolution
		HideSolutionNode = FALSE
	EndGlobalSection
	GlobalSection(ExtensibilityGlobals) = postSolution
		SolutionGuid = {4C7E6C60-EB63-445F-B160-D54015396737}
	EndGlobalSection
EndGlobal
